
Microsoft Visual Studio Solution File, Format Version 12.00
# Visual Studio Version 17
VisualStudioVersion = 17.3.32611.2
MinimumVisualStudioVersion = 10.0.40219.1
Project("{2150E333-8FDC-42A3-9474-1A3956D46DE8}") = "Services", "Services", "{F3CDA775-3441-4E10-A063-991A7743F254}"
EndProject
Project("{2150E333-8FDC-42A3-9474-1A3956D46DE8}") = "Catalog", "Catalog", "{9336F81C-1FD7-443A-AAD7-19CC786988A7}"
EndProject
Project("{9A19103F-16F7-4668-BE54-9A1E7A4F7556}") = "Catalog.WebApi", "Services\Catalog\Catalog.WebApi\Catalog.WebApi.csproj", "{E408BF6A-FCE4-4F44-B7D6-5F743FC83697}"
EndProject
Project("{2150E333-8FDC-42A3-9474-1A3956D46DE8}") = "Basket", "Basket", "{8151DB3F-64EE-424B-B6E7-D206DF9B5C3F}"
EndProject
Project("{9A19103F-16F7-4668-BE54-9A1E7A4F7556}") = "Basket.WebApi", "Services\Basket\Basket.WebApi\Basket.WebApi.csproj", "{A9EFECC6-C3F3-435D-BEE7-9170157AA973}"
EndProject
Project("{2150E333-8FDC-42A3-9474-1A3956D46DE8}") = "Identity", "Identity", "{84213C6B-4A80-44FA-8CA5-7D5A75A3F6B1}"
EndProject
Project("{9A19103F-16F7-4668-BE54-9A1E7A4F7556}") = "Identity.WebApi", "Services\Identity\Identity.WebApi\Identity.WebApi.csproj", "{5A105888-2D03-4A3A-8631-650DC8102B88}"
EndProject
Project("{E53339B2-1760-4266-BCC7-CA923CBCF16C}") = "docker-compose", "docker-compose.dcproj", "{F1AB440E-A026-4FE5-8247-04AF593F94F8}"
EndProject
Project("{2150E333-8FDC-42A3-9474-1A3956D46DE8}") = "Kafka", "Kafka", "{1D13A3D5-5033-4CA8-83DA-0735980D1EAB}"
EndProject
Project("{9A19103F-16F7-4668-BE54-9A1E7A4F7556}") = "Kafka", "Kafka\Kafka.csproj", "{9968CA60-A3C3-43C5-B41F-3EDFA07FA7F0}"
EndProject
Project("{9A19103F-16F7-4668-BE54-9A1E7A4F7556}") = "Catalog.Domain", "Services\Catalog\Catalog.Domain\Catalog.Domain.csproj", "{B7B7CD7F-D7C0-4169-B8FE-BEABDE463B68}"
EndProject
Project("{9A19103F-16F7-4668-BE54-9A1E7A4F7556}") = "Catalog.Application", "Services\Catalog\Catalog.Application\Catalog.Application.csproj", "{C7571088-752E-4185-B7A8-4D17E72AE36D}"
EndProject
Project("{FAE04EC0-301F-11D3-BF4B-00C04F79EFBC}") = "Basket.Domain", "Services\Basket\Basket.Domain\Basket.Domain.csproj", "{6B17663D-3FAF-437C-A968-A894BE9F94E3}"
EndProject
Project("{FAE04EC0-301F-11D3-BF4B-00C04F79EFBC}") = "Basket.Application", "Services\Basket\Basket.Application\Basket.Application.csproj", "{96B6F00C-3EF9-4F07-8832-B0449042B909}"
EndProject
Project("{FAE04EC0-301F-11D3-BF4B-00C04F79EFBC}") = "Basket.Infastructure", "Services\Basket\Basket.Infastructure\Basket.Infastructure.csproj", "{A7933807-5F97-48FE-9F93-8D0D3B83DFD2}"
EndProject
Global
	GlobalSection(SolutionConfigurationPlatforms) = preSolution
		Debug|Any CPU = Debug|Any CPU
		Release|Any CPU = Release|Any CPU
	EndGlobalSection
	GlobalSection(ProjectConfigurationPlatforms) = postSolution
		{E408BF6A-FCE4-4F44-B7D6-5F743FC83697}.Debug|Any CPU.ActiveCfg = Debug|Any CPU
		{E408BF6A-FCE4-4F44-B7D6-5F743FC83697}.Debug|Any CPU.Build.0 = Debug|Any CPU
		{E408BF6A-FCE4-4F44-B7D6-5F743FC83697}.Release|Any CPU.ActiveCfg = Release|Any CPU
		{E408BF6A-FCE4-4F44-B7D6-5F743FC83697}.Release|Any CPU.Build.0 = Release|Any CPU
		{A9EFECC6-C3F3-435D-BEE7-9170157AA973}.Debug|Any CPU.ActiveCfg = Debug|Any CPU
		{A9EFECC6-C3F3-435D-BEE7-9170157AA973}.Debug|Any CPU.Build.0 = Debug|Any CPU
		{A9EFECC6-C3F3-435D-BEE7-9170157AA973}.Release|Any CPU.ActiveCfg = Release|Any CPU
		{A9EFECC6-C3F3-435D-BEE7-9170157AA973}.Release|Any CPU.Build.0 = Release|Any CPU
		{5A105888-2D03-4A3A-8631-650DC8102B88}.Debug|Any CPU.ActiveCfg = Debug|Any CPU
		{5A105888-2D03-4A3A-8631-650DC8102B88}.Debug|Any CPU.Build.0 = Debug|Any CPU
		{5A105888-2D03-4A3A-8631-650DC8102B88}.Release|Any CPU.ActiveCfg = Release|Any CPU
		{5A105888-2D03-4A3A-8631-650DC8102B88}.Release|Any CPU.Build.0 = Release|Any CPU
		{F1AB440E-A026-4FE5-8247-04AF593F94F8}.Debug|Any CPU.ActiveCfg = Debug|Any CPU
		{F1AB440E-A026-4FE5-8247-04AF593F94F8}.Debug|Any CPU.Build.0 = Debug|Any CPU
		{F1AB440E-A026-4FE5-8247-04AF593F94F8}.Release|Any CPU.ActiveCfg = Release|Any CPU
		{F1AB440E-A026-4FE5-8247-04AF593F94F8}.Release|Any CPU.Build.0 = Release|Any CPU
		{9968CA60-A3C3-43C5-B41F-3EDFA07FA7F0}.Debug|Any CPU.ActiveCfg = Debug|Any CPU
		{9968CA60-A3C3-43C5-B41F-3EDFA07FA7F0}.Debug|Any CPU.Build.0 = Debug|Any CPU
		{9968CA60-A3C3-43C5-B41F-3EDFA07FA7F0}.Release|Any CPU.ActiveCfg = Release|Any CPU
		{9968CA60-A3C3-43C5-B41F-3EDFA07FA7F0}.Release|Any CPU.Build.0 = Release|Any CPU
		{B7B7CD7F-D7C0-4169-B8FE-BEABDE463B68}.Debug|Any CPU.ActiveCfg = Debug|Any CPU
		{B7B7CD7F-D7C0-4169-B8FE-BEABDE463B68}.Debug|Any CPU.Build.0 = Debug|Any CPU
		{B7B7CD7F-D7C0-4169-B8FE-BEABDE463B68}.Release|Any CPU.ActiveCfg = Release|Any CPU
		{B7B7CD7F-D7C0-4169-B8FE-BEABDE463B68}.Release|Any CPU.Build.0 = Release|Any CPU
		{C7571088-752E-4185-B7A8-4D17E72AE36D}.Debug|Any CPU.ActiveCfg = Debug|Any CPU
		{C7571088-752E-4185-B7A8-4D17E72AE36D}.Debug|Any CPU.Build.0 = Debug|Any CPU
		{C7571088-752E-4185-B7A8-4D17E72AE36D}.Release|Any CPU.ActiveCfg = Release|Any CPU
		{C7571088-752E-4185-B7A8-4D17E72AE36D}.Release|Any CPU.Build.0 = Release|Any CPU
		{6B17663D-3FAF-437C-A968-A894BE9F94E3}.Debug|Any CPU.ActiveCfg = Debug|Any CPU
		{6B17663D-3FAF-437C-A968-A894BE9F94E3}.Debug|Any CPU.Build.0 = Debug|Any CPU
		{6B17663D-3FAF-437C-A968-A894BE9F94E3}.Release|Any CPU.ActiveCfg = Release|Any CPU
		{6B17663D-3FAF-437C-A968-A894BE9F94E3}.Release|Any CPU.Build.0 = Release|Any CPU
		{96B6F00C-3EF9-4F07-8832-B0449042B909}.Debug|Any CPU.ActiveCfg = Debug|Any CPU
		{96B6F00C-3EF9-4F07-8832-B0449042B909}.Debug|Any CPU.Build.0 = Debug|Any CPU
		{96B6F00C-3EF9-4F07-8832-B0449042B909}.Release|Any CPU.ActiveCfg = Release|Any CPU
		{96B6F00C-3EF9-4F07-8832-B0449042B909}.Release|Any CPU.Build.0 = Release|Any CPU
		{A7933807-5F97-48FE-9F93-8D0D3B83DFD2}.Debug|Any CPU.ActiveCfg = Debug|Any CPU
		{A7933807-5F97-48FE-9F93-8D0D3B83DFD2}.Debug|Any CPU.Build.0 = Debug|Any CPU
		{A7933807-5F97-48FE-9F93-8D0D3B83DFD2}.Release|Any CPU.ActiveCfg = Release|Any CPU
		{A7933807-5F97-48FE-9F93-8D0D3B83DFD2}.Release|Any CPU.Build.0 = Release|Any CPU
	EndGlobalSection
	GlobalSection(SolutionProperties) = preSolution
		HideSolutionNode = FALSE
	EndGlobalSection
	GlobalSection(NestedProjects) = preSolution
		{9336F81C-1FD7-443A-AAD7-19CC786988A7} = {F3CDA775-3441-4E10-A063-991A7743F254}
		{E408BF6A-FCE4-4F44-B7D6-5F743FC83697} = {9336F81C-1FD7-443A-AAD7-19CC786988A7}
		{8151DB3F-64EE-424B-B6E7-D206DF9B5C3F} = {F3CDA775-3441-4E10-A063-991A7743F254}
		{A9EFECC6-C3F3-435D-BEE7-9170157AA973} = {8151DB3F-64EE-424B-B6E7-D206DF9B5C3F}
		{84213C6B-4A80-44FA-8CA5-7D5A75A3F6B1} = {F3CDA775-3441-4E10-A063-991A7743F254}
		{5A105888-2D03-4A3A-8631-650DC8102B88} = {84213C6B-4A80-44FA-8CA5-7D5A75A3F6B1}
		{9968CA60-A3C3-43C5-B41F-3EDFA07FA7F0} = {1D13A3D5-5033-4CA8-83DA-0735980D1EAB}
		{B7B7CD7F-D7C0-4169-B8FE-BEABDE463B68} = {9336F81C-1FD7-443A-AAD7-19CC786988A7}
		{C7571088-752E-4185-B7A8-4D17E72AE36D} = {9336F81C-1FD7-443A-AAD7-19CC786988A7}
		{6B17663D-3FAF-437C-A968-A894BE9F94E3} = {8151DB3F-64EE-424B-B6E7-D206DF9B5C3F}
		{96B6F00C-3EF9-4F07-8832-B0449042B909} = {8151DB3F-64EE-424B-B6E7-D206DF9B5C3F}
		{A7933807-5F97-48FE-9F93-8D0D3B83DFD2} = {8151DB3F-64EE-424B-B6E7-D206DF9B5C3F}
	EndGlobalSection
	GlobalSection(ExtensibilityGlobals) = postSolution
		SolutionGuid = {E12A3A4A-46F9-45FE-8200-C2921CEBCE08}
	EndGlobalSection
EndGlobal
